
Microsoft Visual Studio Solution File, Format Version 12.00
# Visual Studio Version 16
VisualStudioVersion = 16.0.33027.164
MinimumVisualStudioVersion = 10.0.40219.1
Project("{FAE04EC0-301F-11D3-BF4B-00C04F79EFBC}") = "Đồ án RFID", "Đồ án RFID\Đồ án RFID.csproj", "{C8FE37C4-7322-4AA8-B2B2-E81F0CA58C8A}"
EndProject
Global
	GlobalSection(SolutionConfigurationPlatforms) = preSolution
		Debug|Any CPU = Debug|Any CPU
		Release|Any CPU = Release|Any CPU
	EndGlobalSection
	GlobalSection(ProjectConfigurationPlatforms) = postSolution
		{C8FE37C4-7322-4AA8-B2B2-E81F0CA58C8A}.Debug|Any CPU.ActiveCfg = Debug|Any CPU
		{C8FE37C4-7322-4AA8-B2B2-E81F0CA58C8A}.Debug|Any CPU.Build.0 = Debug|Any CPU
		{C8FE37C4-7322-4AA8-B2B2-E81F0CA58C8A}.Release|Any CPU.ActiveCfg = Release|Any CPU
		{C8FE37C4-7322-4AA8-B2B2-E81F0CA58C8A}.Release|Any CPU.Build.0 = Release|Any CPU
	EndGlobalSection
	GlobalSection(SolutionProperties) = preSolution
		HideSolutionNode = FALSE
	EndGlobalSection
	GlobalSection(ExtensibilityGlobals) = postSolution
		SolutionGuid = {57B94CCC-8FB9-4513-87EA-30A15E0F615B}
	EndGlobalSection
EndGlobal
